
Microsoft Visual Studio Solution File, Format Version 12.00
# Visual Studio 15
VisualStudioVersion = 15.0.27130.2020
MinimumVisualStudioVersion = 10.0.40219.1
Project("{FAE04EC0-301F-11D3-BF4B-00C04F79EFBC}") = "DH_KeyExchange", "DH_KeyExchange\DH_KeyExchange.csproj", "{E50CA087-9668-4686-9A6B-EF5959D556DA}"
EndProject
Global
	GlobalSection(SolutionConfigurationPlatforms) = preSolution
		Debug|Any CPU = Debug|Any CPU
		Release|Any CPU = Release|Any CPU
	EndGlobalSection
	GlobalSection(ProjectConfigurationPlatforms) = postSolution
		{E50CA087-9668-4686-9A6B-EF5959D556DA}.Debug|Any CPU.ActiveCfg = Debug|Any CPU
		{E50CA087-9668-4686-9A6B-EF5959D556DA}.Debug|Any CPU.Build.0 = Debug|Any CPU
		{E50CA087-9668-4686-9A6B-EF5959D556DA}.Release|Any CPU.ActiveCfg = Release|Any CPU
		{E50CA087-9668-4686-9A6B-EF5959D556DA}.Release|Any CPU.Build.0 = Release|Any CPU
	EndGlobalSection
	GlobalSection(SolutionProperties) = preSolution
		HideSolutionNode = FALSE
	EndGlobalSection
	GlobalSection(ExtensibilityGlobals) = postSolution
		SolutionGuid = {538CE353-3B98-4CFD-BB08-4DD85BAA49F7}
	EndGlobalSection
EndGlobal
